# THIS IS AN AUTOGENERATED FILE. DO NOT EDIT THIS FILE DIRECTLY.
# yarn lockfile v1


colors@~0.6.0-1:
  version "0.6.2"
  resolved "https://registry.yarnpkg.com/colors/-/colors-0.6.2.tgz#2423fe6678ac0c5dae8852e5d0e5be08c997abcc"

commander@~2.1.0:
  version "2.1.0"
  resolved "https://registry.yarnpkg.com/commander/-/commander-2.1.0.tgz#d121bbae860d9992a3d517ba96f56588e47c6781"

conventional-commit-types@^2.0.0:
  version "2.1.0"
  resolved "https://registry.yarnpkg.com/conventional-commit-types/-/conventional-commit-types-2.1.0.tgz#45d860386c9a2e6537ee91d8a1b61bd0411b3d04"

findup@0.1.5:
  version "0.1.5"
  resolved "https://registry.yarnpkg.com/findup/-/findup-0.1.5.tgz#8ad929a3393bac627957a7e5de4623b06b0e2ceb"
  dependencies:
    colors "~0.6.0-1"
    commander "~2.1.0"

semver-regex@1.0.0:
  version "1.0.0"
  resolved "https://registry.yarnpkg.com/semver-regex/-/semver-regex-1.0.0.tgz#92a4969065f9c70c694753d55248fc68f8f652c9"

validate-commit-msg@^2.11.2:
  version "2.11.2"
  resolved "https://registry.yarnpkg.com/validate-commit-msg/-/validate-commit-msg-2.11.2.tgz#63bd15c2cd8fb782b230a9f51d0f4e9d31f7ee24"
  dependencies:
    conventional-commit-types "^2.0.0"
    findup "0.1.5"
    semver-regex "1.0.0"
